// !$*UTF8*$!
{
	archiveVersion = 1;
	classes = {
	};
	objectVersion = 70;
	objects = {

/* Begin PBXBuildFile section */
		B32403002CE7B8020067DE5D /* Dino.usdz in Resources */ = {isa = PBXBuildFile; fileRef = B32402FF2CE7B8020067DE5D /* Dino.usdz */; };
		B32403022CEA2C190067DE5D /* Exhibition.swift in Sources */ = {isa = PBXBuildFile; fileRef = B32403012CEA2C110067DE5D /* Exhibition.swift */; };
		B32403042CEA36BA0067DE5D /* Zone.swift in Sources */ = {isa = PBXBuildFile; fileRef = B32403032CEA36B60067DE5D /* Zone.swift */; };
		B324031D2CEAC7EF0067DE5D /* PageView.swift in Sources */ = {isa = PBXBuildFile; fileRef = B324031C2CEAC7EC0067DE5D /* PageView.swift */; };
		B324031F2CEAC85A0067DE5D /* NavigationButtonStyle.swift in Sources */ = {isa = PBXBuildFile; fileRef = B324031E2CEAC8520067DE5D /* NavigationButtonStyle.swift */; };
		B32403212CEAC88F0067DE5D /* FinalPagePreview.swift in Sources */ = {isa = PBXBuildFile; fileRef = B32403202CEAC8870067DE5D /* FinalPagePreview.swift */; };
		B32403242CEAC9BF0067DE5D /* Page.swift in Sources */ = {isa = PBXBuildFile; fileRef = B32403232CEAC9B80067DE5D /* Page.swift */; };
		B32403262CEAD3040067DE5D /* PerfilView.swift in Sources */ = {isa = PBXBuildFile; fileRef = B32403252CEAD3000067DE5D /* PerfilView.swift */; };
		B324032C2CEE51670067DE5D /* NotificationsView.swift in Sources */ = {isa = PBXBuildFile; fileRef = B324032B2CEE51670067DE5D /* NotificationsView.swift */; };
		B324032E2CEE52DD0067DE5D /* NotificationView.swift in Sources */ = {isa = PBXBuildFile; fileRef = B324032D2CEE52DD0067DE5D /* NotificationView.swift */; };
		B32403302CEE57A50067DE5D /* Announcement.swift in Sources */ = {isa = PBXBuildFile; fileRef = B324032F2CEE57A50067DE5D /* Announcement.swift */; };
		B3689A8D2CE1A27400D585EB /* ActivityView.swift in Sources */ = {isa = PBXBuildFile; fileRef = B3689A8C2CE1A27400D585EB /* ActivityView.swift */; };
		B3689A8F2CE1B45100D585EB /* DataScannerRepresentable.swift in Sources */ = {isa = PBXBuildFile; fileRef = B3689A8E2CE1B45100D585EB /* DataScannerRepresentable.swift */; };
		B374125E2CD3DE4D00717C18 /* InsigniasView.swift in Sources */ = {isa = PBXBuildFile; fileRef = B374125D2CD3DE4D00717C18 /* InsigniasView.swift */; };
		B37412602CD3DE8300717C18 /* LogrosView.swift in Sources */ = {isa = PBXBuildFile; fileRef = B374125F2CD3DE8300717C18 /* LogrosView.swift */; };
		B37412642CD3DEFF00717C18 /* TarjetasView.swift in Sources */ = {isa = PBXBuildFile; fileRef = B37412632CD3DEFF00717C18 /* TarjetasView.swift */; };
		B37412662CD3DF6100717C18 /* ProfileView.swift in Sources */ = {isa = PBXBuildFile; fileRef = B37412652CD3DF6100717C18 /* ProfileView.swift */; };
		B37412682CD3DFAD00717C18 /* TabButton.swift in Sources */ = {isa = PBXBuildFile; fileRef = B37412672CD3DFAD00717C18 /* TabButton.swift */; };
		B3B63D6E2CD0ADAE00394294 /* ViewController.swift in Sources */ = {isa = PBXBuildFile; fileRef = B3B63D6D2CD0ADAE00394294 /* ViewController.swift */; };
		B3B63D702CD0B6EB00394294 /* ExhibitionView.swift in Sources */ = {isa = PBXBuildFile; fileRef = B3B63D6F2CD0B6EB00394294 /* ExhibitionView.swift */; };
		B3B63D722CD0BA2200394294 /* ZoneView.swift in Sources */ = {isa = PBXBuildFile; fileRef = B3B63D712CD0BA2200394294 /* ZoneView.swift */; };
		B3B63D802CD1C0B100394294 /* CodeView.swift in Sources */ = {isa = PBXBuildFile; fileRef = B3B63D7F2CD1C0B100394294 /* CodeView.swift */; };
		B3B63D822CD1C12100394294 /* SocialView.swift in Sources */ = {isa = PBXBuildFile; fileRef = B3B63D812CD1C12100394294 /* SocialView.swift */; };
		B3B63D842CD1C31900394294 /* AccessCodeView.swift in Sources */ = {isa = PBXBuildFile; fileRef = B3B63D832CD1C31900394294 /* AccessCodeView.swift */; };
		B3B63D862CD2DF1300394294 /* LoadingView.swift in Sources */ = {isa = PBXBuildFile; fileRef = B3B63D852CD2DF1300394294 /* LoadingView.swift */; };
		B3BE803E2CC963A1001BE5BE /* HomeView.swift in Sources */ = {isa = PBXBuildFile; fileRef = B3BE803D2CC963A1001BE5BE /* HomeView.swift */; };
		B3E9859D2CC9800600F355F4 /* MapView.swift in Sources */ = {isa = PBXBuildFile; fileRef = B3E9859C2CC9800600F355F4 /* MapView.swift */; };
		F4895CE22CC7F4B5008DDAF2 /* LogIn.swift in Sources */ = {isa = PBXBuildFile; fileRef = F4895CE12CC7F4B5008DDAF2 /* LogIn.swift */; };
		F4895CE42CC815D0008DDAF2 /* SignIn.swift in Sources */ = {isa = PBXBuildFile; fileRef = F4895CE32CC815D0008DDAF2 /* SignIn.swift */; };
		F49690C42CD091AF00033F90 /* Triangle.swift in Sources */ = {isa = PBXBuildFile; fileRef = F49690C32CD091AF00033F90 /* Triangle.swift */; };
		F49690C72CD091D000033F90 /* UserManager.swift in Sources */ = {isa = PBXBuildFile; fileRef = F49690C62CD091D000033F90 /* UserManager.swift */; };
		F49690C92CD0979200033F90 /* Navbar.swift in Sources */ = {isa = PBXBuildFile; fileRef = F49690C82CD0979200033F90 /* Navbar.swift */; };
		F4CB79E32CE7D123001ECDAF /* QuizCompletionModal.swift in Sources */ = {isa = PBXBuildFile; fileRef = F4CB79E22CE7D123001ECDAF /* QuizCompletionModal.swift */; };
		F4DF14F32CC19F530058008F /* Map.swift in Sources */ = {isa = PBXBuildFile; fileRef = F4DF14F22CC19F530058008F /* Map.swift */; };
		F4E25F942CBF299900A1BB94 /* AppAloteApp.swift in Sources */ = {isa = PBXBuildFile; fileRef = F4E25F932CBF299900A1BB94 /* AppAloteApp.swift */; };
		F4E25F962CBF299900A1BB94 /* ContentView.swift in Sources */ = {isa = PBXBuildFile; fileRef = F4E25F952CBF299900A1BB94 /* ContentView.swift */; };
		F4E25F982CBF299A00A1BB94 /* Assets.xcassets in Resources */ = {isa = PBXBuildFile; fileRef = F4E25F972CBF299A00A1BB94 /* Assets.xcassets */; };
		F4E25F9B2CBF299A00A1BB94 /* Preview Assets.xcassets in Resources */ = {isa = PBXBuildFile; fileRef = F4E25F9A2CBF299A00A1BB94 /* Preview Assets.xcassets */; };
		F4EDB3D32CD845810059D302 /* Zona.swift in Sources */ = {isa = PBXBuildFile; fileRef = F4EDB3D22CD845810059D302 /* Zona.swift */; };
		F4EDB3D52CD868320059D302 /* QuizScore.swift in Sources */ = {isa = PBXBuildFile; fileRef = F4EDB3D42CD868320059D302 /* QuizScore.swift */; };
		F4FBF7F52CD13F1E00B75685 /* QuizData.swift in Sources */ = {isa = PBXBuildFile; fileRef = F4FBF7F42CD13F1E00B75685 /* QuizData.swift */; };
		F4FBF7F72CD13F2D00B75685 /* RouteCalculator.swift in Sources */ = {isa = PBXBuildFile; fileRef = F4FBF7F62CD13F2D00B75685 /* RouteCalculator.swift */; };
		F4FBF7F92CD13FB500B75685 /* ProgressBar.swift in Sources */ = {isa = PBXBuildFile; fileRef = F4FBF7F82CD13FB500B75685 /* ProgressBar.swift */; };
		F4FBF7FB2CD13FC700B75685 /* QuestionTitle.swift in Sources */ = {isa = PBXBuildFile; fileRef = F4FBF7FA2CD13FC700B75685 /* QuestionTitle.swift */; };
		F4FBF7FD2CD1400700B75685 /* QuizView.swift in Sources */ = {isa = PBXBuildFile; fileRef = F4FBF7FC2CD1400700B75685 /* QuizView.swift */; };
/* End PBXBuildFile section */

/* Begin PBXFileReference section */
		B32402FF2CE7B8020067DE5D /* Dino.usdz */ = {isa = PBXFileReference; lastKnownFileType = file; path = Dino.usdz; sourceTree = "<group>"; };
		B32403012CEA2C110067DE5D /* Exhibition.swift */ = {isa = PBXFileReference; lastKnownFileType = sourcecode.swift; path = Exhibition.swift; sourceTree = "<group>"; };
		B32403032CEA36B60067DE5D /* Zone.swift */ = {isa = PBXFileReference; lastKnownFileType = sourcecode.swift; path = Zone.swift; sourceTree = "<group>"; };
		B324031C2CEAC7EC0067DE5D /* PageView.swift */ = {isa = PBXFileReference; lastKnownFileType = sourcecode.swift; path = PageView.swift; sourceTree = "<group>"; };
		B324031E2CEAC8520067DE5D /* NavigationButtonStyle.swift */ = {isa = PBXFileReference; lastKnownFileType = sourcecode.swift; path = NavigationButtonStyle.swift; sourceTree = "<group>"; };
		B32403202CEAC8870067DE5D /* FinalPagePreview.swift */ = {isa = PBXFileReference; lastKnownFileType = sourcecode.swift; path = FinalPagePreview.swift; sourceTree = "<group>"; };
		B32403232CEAC9B80067DE5D /* Page.swift */ = {isa = PBXFileReference; lastKnownFileType = sourcecode.swift; path = Page.swift; sourceTree = "<group>"; };
		B32403252CEAD3000067DE5D /* PerfilView.swift */ = {isa = PBXFileReference; lastKnownFileType = sourcecode.swift; path = PerfilView.swift; sourceTree = "<group>"; };
		B324032B2CEE51670067DE5D /* NotificationsView.swift */ = {isa = PBXFileReference; lastKnownFileType = sourcecode.swift; path = NotificationsView.swift; sourceTree = "<group>"; };
		B324032D2CEE52DD0067DE5D /* NotificationView.swift */ = {isa = PBXFileReference; lastKnownFileType = sourcecode.swift; path = NotificationView.swift; sourceTree = "<group>"; };
		B324032F2CEE57A50067DE5D /* Announcement.swift */ = {isa = PBXFileReference; lastKnownFileType = sourcecode.swift; path = Announcement.swift; sourceTree = "<group>"; };
		B3689A872CE18A9700D585EB /* Info.plist */ = {isa = PBXFileReference; lastKnownFileType = text.plist.xml; path = Info.plist; sourceTree = "<group>"; };
		B3689A8C2CE1A27400D585EB /* ActivityView.swift */ = {isa = PBXFileReference; lastKnownFileType = sourcecode.swift; path = ActivityView.swift; sourceTree = "<group>"; };
		B3689A8E2CE1B45100D585EB /* DataScannerRepresentable.swift */ = {isa = PBXFileReference; lastKnownFileType = sourcecode.swift; path = DataScannerRepresentable.swift; sourceTree = "<group>"; };
		B374125D2CD3DE4D00717C18 /* InsigniasView.swift */ = {isa = PBXFileReference; lastKnownFileType = sourcecode.swift; path = InsigniasView.swift; sourceTree = "<group>"; };
		B374125F2CD3DE8300717C18 /* LogrosView.swift */ = {isa = PBXFileReference; lastKnownFileType = sourcecode.swift; path = LogrosView.swift; sourceTree = "<group>"; };
		B37412632CD3DEFF00717C18 /* TarjetasView.swift */ = {isa = PBXFileReference; lastKnownFileType = sourcecode.swift; path = TarjetasView.swift; sourceTree = "<group>"; };
		B37412652CD3DF6100717C18 /* ProfileView.swift */ = {isa = PBXFileReference; lastKnownFileType = sourcecode.swift; path = ProfileView.swift; sourceTree = "<group>"; };
		B37412672CD3DFAD00717C18 /* TabButton.swift */ = {isa = PBXFileReference; lastKnownFileType = sourcecode.swift; path = TabButton.swift; sourceTree = "<group>"; };
		B3B63D6D2CD0ADAE00394294 /* ViewController.swift */ = {isa = PBXFileReference; lastKnownFileType = sourcecode.swift; path = ViewController.swift; sourceTree = "<group>"; };
		B3B63D6F2CD0B6EB00394294 /* ExhibitionView.swift */ = {isa = PBXFileReference; lastKnownFileType = sourcecode.swift; path = ExhibitionView.swift; sourceTree = "<group>"; };
		B3B63D712CD0BA2200394294 /* ZoneView.swift */ = {isa = PBXFileReference; lastKnownFileType = sourcecode.swift; path = ZoneView.swift; sourceTree = "<group>"; };
		B3B63D7F2CD1C0B100394294 /* CodeView.swift */ = {isa = PBXFileReference; lastKnownFileType = sourcecode.swift; path = CodeView.swift; sourceTree = "<group>"; };
		B3B63D812CD1C12100394294 /* SocialView.swift */ = {isa = PBXFileReference; lastKnownFileType = sourcecode.swift; path = SocialView.swift; sourceTree = "<group>"; };
		B3B63D832CD1C31900394294 /* AccessCodeView.swift */ = {isa = PBXFileReference; lastKnownFileType = sourcecode.swift; path = AccessCodeView.swift; sourceTree = "<group>"; };
		B3B63D852CD2DF1300394294 /* LoadingView.swift */ = {isa = PBXFileReference; lastKnownFileType = sourcecode.swift; path = LoadingView.swift; sourceTree = "<group>"; };
		B3BE803D2CC963A1001BE5BE /* HomeView.swift */ = {isa = PBXFileReference; lastKnownFileType = sourcecode.swift; path = HomeView.swift; sourceTree = "<group>"; };
		B3E9859C2CC9800600F355F4 /* MapView.swift */ = {isa = PBXFileReference; lastKnownFileType = sourcecode.swift; path = MapView.swift; sourceTree = "<group>"; };
		F4895CE12CC7F4B5008DDAF2 /* LogIn.swift */ = {isa = PBXFileReference; lastKnownFileType = sourcecode.swift; path = LogIn.swift; sourceTree = "<group>"; };
		F4895CE32CC815D0008DDAF2 /* SignIn.swift */ = {isa = PBXFileReference; lastKnownFileType = sourcecode.swift; path = SignIn.swift; sourceTree = "<group>"; };
		F49690C32CD091AF00033F90 /* Triangle.swift */ = {isa = PBXFileReference; lastKnownFileType = sourcecode.swift; path = Triangle.swift; sourceTree = "<group>"; };
		F49690C62CD091D000033F90 /* UserManager.swift */ = {isa = PBXFileReference; lastKnownFileType = sourcecode.swift; path = UserManager.swift; sourceTree = "<group>"; };
		F49690C82CD0979200033F90 /* Navbar.swift */ = {isa = PBXFileReference; lastKnownFileType = sourcecode.swift; path = Navbar.swift; sourceTree = "<group>"; };
		F4CB79E22CE7D123001ECDAF /* QuizCompletionModal.swift */ = {isa = PBXFileReference; lastKnownFileType = sourcecode.swift; path = QuizCompletionModal.swift; sourceTree = "<group>"; };
		F4DF14F22CC19F530058008F /* Map.swift */ = {isa = PBXFileReference; lastKnownFileType = sourcecode.swift; path = Map.swift; sourceTree = "<group>"; };
		F4E25F902CBF299900A1BB94 /* AppAlote.app */ = {isa = PBXFileReference; explicitFileType = wrapper.application; includeInIndex = 0; path = AppAlote.app; sourceTree = BUILT_PRODUCTS_DIR; };
		F4E25F932CBF299900A1BB94 /* AppAloteApp.swift */ = {isa = PBXFileReference; lastKnownFileType = sourcecode.swift; path = AppAloteApp.swift; sourceTree = "<group>"; };
		F4E25F952CBF299900A1BB94 /* ContentView.swift */ = {isa = PBXFileReference; lastKnownFileType = sourcecode.swift; path = ContentView.swift; sourceTree = "<group>"; };
		F4E25F972CBF299A00A1BB94 /* Assets.xcassets */ = {isa = PBXFileReference; lastKnownFileType = folder.assetcatalog; path = Assets.xcassets; sourceTree = "<group>"; };
		F4E25F9A2CBF299A00A1BB94 /* Preview Assets.xcassets */ = {isa = PBXFileReference; lastKnownFileType = folder.assetcatalog; path = "Preview Assets.xcassets"; sourceTree = "<group>"; };
		F4EDB3D22CD845810059D302 /* Zona.swift */ = {isa = PBXFileReference; lastKnownFileType = sourcecode.swift; path = Zona.swift; sourceTree = "<group>"; };
		F4EDB3D42CD868320059D302 /* QuizScore.swift */ = {isa = PBXFileReference; lastKnownFileType = sourcecode.swift; path = QuizScore.swift; sourceTree = "<group>"; };
		F4FBF7F42CD13F1E00B75685 /* QuizData.swift */ = {isa = PBXFileReference; lastKnownFileType = sourcecode.swift; path = QuizData.swift; sourceTree = "<group>"; };
		F4FBF7F62CD13F2D00B75685 /* RouteCalculator.swift */ = {isa = PBXFileReference; lastKnownFileType = sourcecode.swift; path = RouteCalculator.swift; sourceTree = "<group>"; };
		F4FBF7F82CD13FB500B75685 /* ProgressBar.swift */ = {isa = PBXFileReference; lastKnownFileType = sourcecode.swift; path = ProgressBar.swift; sourceTree = "<group>"; };
		F4FBF7FA2CD13FC700B75685 /* QuestionTitle.swift */ = {isa = PBXFileReference; lastKnownFileType = sourcecode.swift; path = QuestionTitle.swift; sourceTree = "<group>"; };
		F4FBF7FC2CD1400700B75685 /* QuizView.swift */ = {isa = PBXFileReference; lastKnownFileType = sourcecode.swift; path = QuizView.swift; sourceTree = "<group>"; };
/* End PBXFileReference section */

/* Begin PBXFileSystemSynchronizedRootGroup section */
		B3689B4B2CE7156100D585EB /* Functions */ = {isa = PBXFileSystemSynchronizedRootGroup; explicitFileTypes = {}; explicitFolders = (); path = Functions; sourceTree = "<group>"; };
/* End PBXFileSystemSynchronizedRootGroup section */

/* Begin PBXFrameworksBuildPhase section */
		F4E25F8D2CBF299900A1BB94 /* Frameworks */ = {
			isa = PBXFrameworksBuildPhase;
			buildActionMask = 2147483647;
			files = (
			);
			runOnlyForDeploymentPostprocessing = 0;
		};
/* End PBXFrameworksBuildPhase section */

/* Begin PBXGroup section */
		F49690C22CD0919F00033F90 /* Components */ = {
			isa = PBXGroup;
			children = (
				F4CB79E22CE7D123001ECDAF /* QuizCompletionModal.swift */,
				F4DF14F22CC19F530058008F /* Map.swift */,
				F4FBF7F82CD13FB500B75685 /* ProgressBar.swift */,
				F4FBF7FA2CD13FC700B75685 /* QuestionTitle.swift */,
				F49690C32CD091AF00033F90 /* Triangle.swift */,
				F49690C82CD0979200033F90 /* Navbar.swift */,
			);
			path = Components;
			sourceTree = "<group>";
		};
		F49690C52CD091C000033F90 /* DataManagers */ = {
			isa = PBXGroup;
			children = (
				F49690C62CD091D000033F90 /* UserManager.swift */,
			);
			path = DataManagers;
			sourceTree = "<group>";
		};
		F49690CA2CD09D0300033F90 /* Views */ = {
			isa = PBXGroup;
			children = (
				B32403252CEAD3000067DE5D /* PerfilView.swift */,
				B32403202CEAC8870067DE5D /* FinalPagePreview.swift */,
				B324031E2CEAC8520067DE5D /* NavigationButtonStyle.swift */,
				B324031C2CEAC7EC0067DE5D /* PageView.swift */,
				F4895CE12CC7F4B5008DDAF2 /* LogIn.swift */,
				B3B63D7F2CD1C0B100394294 /* CodeView.swift */,
				B3B63D6F2CD0B6EB00394294 /* ExhibitionView.swift */,
				F4895CE32CC815D0008DDAF2 /* SignIn.swift */,
				B374125D2CD3DE4D00717C18 /* InsigniasView.swift */,
				B374125F2CD3DE8300717C18 /* LogrosView.swift */,
				B37412632CD3DEFF00717C18 /* TarjetasView.swift */,
				B37412652CD3DF6100717C18 /* ProfileView.swift */,
				B37412672CD3DFAD00717C18 /* TabButton.swift */,
				B3BE803D2CC963A1001BE5BE /* HomeView.swift */,
				B324032B2CEE51670067DE5D /* NotificationsView.swift */,
				B324032D2CEE52DD0067DE5D /* NotificationView.swift */,
				B3E9859C2CC9800600F355F4 /* MapView.swift */,
				B3B63D6D2CD0ADAE00394294 /* ViewController.swift */,
				B3689A8C2CE1A27400D585EB /* ActivityView.swift */,
				B3B63D812CD1C12100394294 /* SocialView.swift */,
				B3B63D712CD0BA2200394294 /* ZoneView.swift */,
				B3B63D832CD1C31900394294 /* AccessCodeView.swift */,
				B3B63D852CD2DF1300394294 /* LoadingView.swift */,
				F4FBF7FC2CD1400700B75685 /* QuizView.swift */,
				B3689A8E2CE1B45100D585EB /* DataScannerRepresentable.swift */,
			);
			path = Views;
			sourceTree = "<group>";
		};
		F4E25F872CBF299900A1BB94 = {
			isa = PBXGroup;
			children = (
				F4E25F922CBF299900A1BB94 /* AppAlote */,
				F4E25F912CBF299900A1BB94 /* Products */,
			);
			sourceTree = "<group>";
		};
		F4E25F912CBF299900A1BB94 /* Products */ = {
			isa = PBXGroup;
			children = (
				F4E25F902CBF299900A1BB94 /* AppAlote.app */,
			);
			name = Products;
			sourceTree = "<group>";
		};
		F4E25F922CBF299900A1BB94 /* AppAlote */ = {
			isa = PBXGroup;
			children = (
				B3689A872CE18A9700D585EB /* Info.plist */,
				F4E25F932CBF299900A1BB94 /* AppAloteApp.swift */,
				F4E25F952CBF299900A1BB94 /* ContentView.swift */,
				B32402FF2CE7B8020067DE5D /* Dino.usdz */,
				B3689B4B2CE7156100D585EB /* Functions */,
				F4FBF7F32CD13F0F00B75685 /* Classes */,
				F49690CA2CD09D0300033F90 /* Views */,
				F49690C22CD0919F00033F90 /* Components */,
				F49690C52CD091C000033F90 /* DataManagers */,
				F4E25F972CBF299A00A1BB94 /* Assets.xcassets */,
				F4E25F992CBF299A00A1BB94 /* Preview Content */,
			);
			path = AppAlote;
			sourceTree = "<group>";
		};
		F4E25F992CBF299A00A1BB94 /* Preview Content */ = {
			isa = PBXGroup;
			children = (
				F4E25F9A2CBF299A00A1BB94 /* Preview Assets.xcassets */,
			);
			path = "Preview Content";
			sourceTree = "<group>";
		};
		F4FBF7F32CD13F0F00B75685 /* Classes */ = {
			isa = PBXGroup;
			children = (
				B32403232CEAC9B80067DE5D /* Page.swift */,
				B32403032CEA36B60067DE5D /* Zone.swift */,
				B32403012CEA2C110067DE5D /* Exhibition.swift */,
				F4FBF7F42CD13F1E00B75685 /* QuizData.swift */,
				F4EDB3D22CD845810059D302 /* Zona.swift */,
				F4FBF7F62CD13F2D00B75685 /* RouteCalculator.swift */,
				F4EDB3D42CD868320059D302 /* QuizScore.swift */,
				B324032F2CEE57A50067DE5D /* Announcement.swift */,
			);
			path = Classes;
			sourceTree = "<group>";
		};
/* End PBXGroup section */

/* Begin PBXNativeTarget section */
		F4E25F8F2CBF299900A1BB94 /* AppAlote */ = {
			isa = PBXNativeTarget;
			buildConfigurationList = F4E25F9E2CBF299A00A1BB94 /* Build configuration list for PBXNativeTarget "AppAlote" */;
			buildPhases = (
				F4E25F8C2CBF299900A1BB94 /* Sources */,
				F4E25F8D2CBF299900A1BB94 /* Frameworks */,
				F4E25F8E2CBF299900A1BB94 /* Resources */,
			);
			buildRules = (
			);
			dependencies = (
			);
			fileSystemSynchronizedGroups = (
				B3689B4B2CE7156100D585EB /* Functions */,
			);
			name = AppAlote;
			productName = AppAlote;
			productReference = F4E25F902CBF299900A1BB94 /* AppAlote.app */;
			productType = "com.apple.product-type.application";
		};
/* End PBXNativeTarget section */

/* Begin PBXProject section */
		F4E25F882CBF299900A1BB94 /* Project object */ = {
			isa = PBXProject;
			attributes = {
				BuildIndependentTargetsInParallel = 1;
				LastSwiftUpdateCheck = 1500;
				LastUpgradeCheck = 1500;
				TargetAttributes = {
					F4E25F8F2CBF299900A1BB94 = {
						CreatedOnToolsVersion = 15.0.1;
					};
				};
			};
			buildConfigurationList = F4E25F8B2CBF299900A1BB94 /* Build configuration list for PBXProject "AppAlote" */;
			compatibilityVersion = "Xcode 14.0";
			developmentRegion = es;
			hasScannedForEncodings = 0;
			knownRegions = (
				Base,
				es,
			);
			mainGroup = F4E25F872CBF299900A1BB94;
			productRefGroup = F4E25F912CBF299900A1BB94 /* Products */;
			projectDirPath = "";
			projectRoot = "";
			targets = (
				F4E25F8F2CBF299900A1BB94 /* AppAlote */,
			);
		};
/* End PBXProject section */

/* Begin PBXResourcesBuildPhase section */
		F4E25F8E2CBF299900A1BB94 /* Resources */ = {
			isa = PBXResourcesBuildPhase;
			buildActionMask = 2147483647;
			files = (
				F4E25F9B2CBF299A00A1BB94 /* Preview Assets.xcassets in Resources */,
				F4E25F982CBF299A00A1BB94 /* Assets.xcassets in Resources */,
				B32403002CE7B8020067DE5D /* Dino.usdz in Resources */,
			);
			runOnlyForDeploymentPostprocessing = 0;
		};
/* End PBXResourcesBuildPhase section */

/* Begin PBXSourcesBuildPhase section */
		F4E25F8C2CBF299900A1BB94 /* Sources */ = {
			isa = PBXSourcesBuildPhase;
			buildActionMask = 2147483647;
			files = (
				F4FBF7F52CD13F1E00B75685 /* QuizData.swift in Sources */,
				B3B63D822CD1C12100394294 /* SocialView.swift in Sources */,
				F4FBF7FB2CD13FC700B75685 /* QuestionTitle.swift in Sources */,
				B32403042CEA36BA0067DE5D /* Zone.swift in Sources */,
				F4EDB3D52CD868320059D302 /* QuizScore.swift in Sources */,
				B3B63D862CD2DF1300394294 /* LoadingView.swift in Sources */,
				B32403022CEA2C190067DE5D /* Exhibition.swift in Sources */,
				B32403302CEE57A50067DE5D /* Announcement.swift in Sources */,
				F49690C72CD091D000033F90 /* UserManager.swift in Sources */,
				F4FBF7F72CD13F2D00B75685 /* RouteCalculator.swift in Sources */,
				B324031F2CEAC85A0067DE5D /* NavigationButtonStyle.swift in Sources */,
				B3E9859D2CC9800600F355F4 /* MapView.swift in Sources */,
				B3689A8F2CE1B45100D585EB /* DataScannerRepresentable.swift in Sources */,
				F4E25F962CBF299900A1BB94 /* ContentView.swift in Sources */,
				B32403242CEAC9BF0067DE5D /* Page.swift in Sources */,
				F49690C92CD0979200033F90 /* Navbar.swift in Sources */,
				B37412682CD3DFAD00717C18 /* TabButton.swift in Sources */,
				F4FBF7F92CD13FB500B75685 /* ProgressBar.swift in Sources */,
				B3B63D6E2CD0ADAE00394294 /* ViewController.swift in Sources */,
				B32403212CEAC88F0067DE5D /* FinalPagePreview.swift in Sources */,
				F4DF14F32CC19F530058008F /* Map.swift in Sources */,
				B37412602CD3DE8300717C18 /* LogrosView.swift in Sources */,
				F4895CE42CC815D0008DDAF2 /* SignIn.swift in Sources */,
				B37412662CD3DF6100717C18 /* ProfileView.swift in Sources */,
				B374125E2CD3DE4D00717C18 /* InsigniasView.swift in Sources */,
				B37412642CD3DEFF00717C18 /* TarjetasView.swift in Sources */,
				F4FBF7FD2CD1400700B75685 /* QuizView.swift in Sources */,
				F4E25F942CBF299900A1BB94 /* AppAloteApp.swift in Sources */,
				B324031D2CEAC7EF0067DE5D /* PageView.swift in Sources */,
				B3B63D842CD1C31900394294 /* AccessCodeView.swift in Sources */,
				F4EDB3D32CD845810059D302 /* Zona.swift in Sources */,
				B3B63D802CD1C0B100394294 /* CodeView.swift in Sources */,
				B32403262CEAD3040067DE5D /* PerfilView.swift in Sources */,
				F4CB79E32CE7D123001ECDAF /* QuizCompletionModal.swift in Sources */,
				B3BE803E2CC963A1001BE5BE /* HomeView.swift in Sources */,
				B3689A8D2CE1A27400D585EB /* ActivityView.swift in Sources */,
				B3B63D722CD0BA2200394294 /* ZoneView.swift in Sources */,
				B3B63D702CD0B6EB00394294 /* ExhibitionView.swift in Sources */,
				F4895CE22CC7F4B5008DDAF2 /* LogIn.swift in Sources */,
				F49690C42CD091AF00033F90 /* Triangle.swift in Sources */,
				B324032E2CEE52DD0067DE5D /* NotificationView.swift in Sources */,
				B324032C2CEE51670067DE5D /* NotificationsView.swift in Sources */,
			);
			runOnlyForDeploymentPostprocessing = 0;
		};
/* End PBXSourcesBuildPhase section */

/* Begin XCBuildConfiguration section */
		F4E25F9C2CBF299A00A1BB94 /* Debug */ = {
			isa = XCBuildConfiguration;
			buildSettings = {
				ALWAYS_SEARCH_USER_PATHS = NO;
				ASSETCATALOG_COMPILER_GENERATE_SWIFT_ASSET_SYMBOL_EXTENSIONS = YES;
				CLANG_ANALYZER_NONNULL = YES;
				CLANG_ANALYZER_NUMBER_OBJECT_CONVERSION = YES_AGGRESSIVE;
				CLANG_CXX_LANGUAGE_STANDARD = "gnu++20";
				CLANG_ENABLE_MODULES = YES;
				CLANG_ENABLE_OBJC_ARC = YES;
				CLANG_ENABLE_OBJC_WEAK = YES;
				CLANG_WARN_BLOCK_CAPTURE_AUTORELEASING = YES;
				CLANG_WARN_BOOL_CONVERSION = YES;
				CLANG_WARN_COMMA = YES;
				CLANG_WARN_CONSTANT_CONVERSION = YES;
				CLANG_WARN_DEPRECATED_OBJC_IMPLEMENTATIONS = YES;
				CLANG_WARN_DIRECT_OBJC_ISA_USAGE = YES_ERROR;
				CLANG_WARN_DOCUMENTATION_COMMENTS = YES;
				CLANG_WARN_EMPTY_BODY = YES;
				CLANG_WARN_ENUM_CONVERSION = YES;
				CLANG_WARN_INFINITE_RECURSION = YES;
				CLANG_WARN_INT_CONVERSION = YES;
				CLANG_WARN_NON_LITERAL_NULL_CONVERSION = YES;
				CLANG_WARN_OBJC_IMPLICIT_RETAIN_SELF = YES;
				CLANG_WARN_OBJC_LITERAL_CONVERSION = YES;
				CLANG_WARN_OBJC_ROOT_CLASS = YES_ERROR;
				CLANG_WARN_QUOTED_INCLUDE_IN_FRAMEWORK_HEADER = YES;
				CLANG_WARN_RANGE_LOOP_ANALYSIS = YES;
				CLANG_WARN_STRICT_PROTOTYPES = YES;
				CLANG_WARN_SUSPICIOUS_MOVE = YES;
				CLANG_WARN_UNGUARDED_AVAILABILITY = YES_AGGRESSIVE;
				CLANG_WARN_UNREACHABLE_CODE = YES;
				CLANG_WARN__DUPLICATE_METHOD_MATCH = YES;
				COPY_PHASE_STRIP = NO;
				DEBUG_INFORMATION_FORMAT = dwarf;
				ENABLE_STRICT_OBJC_MSGSEND = YES;
				ENABLE_TESTABILITY = YES;
				ENABLE_USER_SCRIPT_SANDBOXING = YES;
				GCC_C_LANGUAGE_STANDARD = gnu17;
				GCC_DYNAMIC_NO_PIC = NO;
				GCC_NO_COMMON_BLOCKS = YES;
				GCC_OPTIMIZATION_LEVEL = 0;
				GCC_PREPROCESSOR_DEFINITIONS = (
					"DEBUG=1",
					"$(inherited)",
				);
				GCC_WARN_64_TO_32_BIT_CONVERSION = YES;
				GCC_WARN_ABOUT_RETURN_TYPE = YES_ERROR;
				GCC_WARN_UNDECLARED_SELECTOR = YES;
				GCC_WARN_UNINITIALIZED_AUTOS = YES_AGGRESSIVE;
				GCC_WARN_UNUSED_FUNCTION = YES;
				GCC_WARN_UNUSED_VARIABLE = YES;
				IPHONEOS_DEPLOYMENT_TARGET = 17.0;
				LOCALIZATION_PREFERS_STRING_CATALOGS = YES;
				MTL_ENABLE_DEBUG_INFO = INCLUDE_SOURCE;
				MTL_FAST_MATH = YES;
				ONLY_ACTIVE_ARCH = YES;
				SDKROOT = iphoneos;
				SWIFT_ACTIVE_COMPILATION_CONDITIONS = "DEBUG $(inherited)";
				SWIFT_OPTIMIZATION_LEVEL = "-Onone";
			};
			name = Debug;
		};
		F4E25F9D2CBF299A00A1BB94 /* Release */ = {
			isa = XCBuildConfiguration;
			buildSettings = {
				ALWAYS_SEARCH_USER_PATHS = NO;
				ASSETCATALOG_COMPILER_GENERATE_SWIFT_ASSET_SYMBOL_EXTENSIONS = YES;
				CLANG_ANALYZER_NONNULL = YES;
				CLANG_ANALYZER_NUMBER_OBJECT_CONVERSION = YES_AGGRESSIVE;
				CLANG_CXX_LANGUAGE_STANDARD = "gnu++20";
				CLANG_ENABLE_MODULES = YES;
				CLANG_ENABLE_OBJC_ARC = YES;
				CLANG_ENABLE_OBJC_WEAK = YES;
				CLANG_WARN_BLOCK_CAPTURE_AUTORELEASING = YES;
				CLANG_WARN_BOOL_CONVERSION = YES;
				CLANG_WARN_COMMA = YES;
				CLANG_WARN_CONSTANT_CONVERSION = YES;
				CLANG_WARN_DEPRECATED_OBJC_IMPLEMENTATIONS = YES;
				CLANG_WARN_DIRECT_OBJC_ISA_USAGE = YES_ERROR;
				CLANG_WARN_DOCUMENTATION_COMMENTS = YES;
				CLANG_WARN_EMPTY_BODY = YES;
				CLANG_WARN_ENUM_CONVERSION = YES;
				CLANG_WARN_INFINITE_RECURSION = YES;
				CLANG_WARN_INT_CONVERSION = YES;
				CLANG_WARN_NON_LITERAL_NULL_CONVERSION = YES;
				CLANG_WARN_OBJC_IMPLICIT_RETAIN_SELF = YES;
				CLANG_WARN_OBJC_LITERAL_CONVERSION = YES;
				CLANG_WARN_OBJC_ROOT_CLASS = YES_ERROR;
				CLANG_WARN_QUOTED_INCLUDE_IN_FRAMEWORK_HEADER = YES;
				CLANG_WARN_RANGE_LOOP_ANALYSIS = YES;
				CLANG_WARN_STRICT_PROTOTYPES = YES;
				CLANG_WARN_SUSPICIOUS_MOVE = YES;
				CLANG_WARN_UNGUARDED_AVAILABILITY = YES_AGGRESSIVE;
				CLANG_WARN_UNREACHABLE_CODE = YES;
				CLANG_WARN__DUPLICATE_METHOD_MATCH = YES;
				COPY_PHASE_STRIP = NO;
				DEBUG_INFORMATION_FORMAT = "dwarf-with-dsym";
				ENABLE_NS_ASSERTIONS = NO;
				ENABLE_STRICT_OBJC_MSGSEND = YES;
				ENABLE_USER_SCRIPT_SANDBOXING = YES;
				GCC_C_LANGUAGE_STANDARD = gnu17;
				GCC_NO_COMMON_BLOCKS = YES;
				GCC_WARN_64_TO_32_BIT_CONVERSION = YES;
				GCC_WARN_ABOUT_RETURN_TYPE = YES_ERROR;
				GCC_WARN_UNDECLARED_SELECTOR = YES;
				GCC_WARN_UNINITIALIZED_AUTOS = YES_AGGRESSIVE;
				GCC_WARN_UNUSED_FUNCTION = YES;
				GCC_WARN_UNUSED_VARIABLE = YES;
				IPHONEOS_DEPLOYMENT_TARGET = 17.0;
				LOCALIZATION_PREFERS_STRING_CATALOGS = YES;
				MTL_ENABLE_DEBUG_INFO = NO;
				MTL_FAST_MATH = YES;
				SDKROOT = iphoneos;
				SWIFT_COMPILATION_MODE = wholemodule;
				VALIDATE_PRODUCT = YES;
			};
			name = Release;
		};
		F4E25F9F2CBF299A00A1BB94 /* Debug */ = {
			isa = XCBuildConfiguration;
			buildSettings = {
				ASSETCATALOG_COMPILER_APPICON_NAME = AppIcon;
				ASSETCATALOG_COMPILER_GLOBAL_ACCENT_COLOR_NAME = AccentColor;
				CODE_SIGN_IDENTITY = "Apple Development";
				CODE_SIGN_STYLE = Automatic;
				CURRENT_PROJECT_VERSION = 1;
				DEVELOPMENT_ASSET_PATHS = "\"AppAlote/Preview Content\"";
				DEVELOPMENT_TEAM = P5DLJJKL65;
				ENABLE_PREVIEWS = YES;
				GENERATE_INFOPLIST_FILE = YES;
				INFOPLIST_FILE = AppAlote/Info.plist;
				INFOPLIST_KEY_NSCameraUsageDescription = "Scan QR Code";
				INFOPLIST_KEY_UIApplicationSceneManifest_Generation = YES;
				INFOPLIST_KEY_UIApplicationSupportsIndirectInputEvents = YES;
				INFOPLIST_KEY_UILaunchScreen_Generation = YES;
				INFOPLIST_KEY_UISupportedInterfaceOrientations_iPad = "UIInterfaceOrientationPortrait UIInterfaceOrientationPortraitUpsideDown UIInterfaceOrientationLandscapeLeft UIInterfaceOrientationLandscapeRight";
				INFOPLIST_KEY_UISupportedInterfaceOrientations_iPhone = UIInterfaceOrientationPortrait;
				INFOPLIST_KEY_UIUserInterfaceStyle = Light;
				LD_RUNPATH_SEARCH_PATHS = (
					"$(inherited)",
					"@executable_path/Frameworks",
				);
				MARKETING_VERSION = 1.0;
				PRODUCT_BUNDLE_IDENTIFIER = gustavocoutino.AppAlote;
				PRODUCT_NAME = "$(TARGET_NAME)";
				PROVISIONING_PROFILE_SPECIFIER = "";
				SWIFT_EMIT_LOC_STRINGS = YES;
				SWIFT_VERSION = 5.0;
				TARGETED_DEVICE_FAMILY = "1,2";
			};
			name = Debug;
		};
		F4E25FA02CBF299A00A1BB94 /* Release */ = {
			isa = XCBuildConfiguration;
			buildSettings = {
				ASSETCATALOG_COMPILER_APPICON_NAME = AppIcon;
				ASSETCATALOG_COMPILER_GLOBAL_ACCENT_COLOR_NAME = AccentColor;
				CODE_SIGN_IDENTITY = "Apple Development";
				CODE_SIGN_STYLE = Automatic;
				CURRENT_PROJECT_VERSION = 1;
				DEVELOPMENT_ASSET_PATHS = "\"AppAlote/Preview Content\"";
				DEVELOPMENT_TEAM = P5DLJJKL65;
				ENABLE_PREVIEWS = YES;
				GENERATE_INFOPLIST_FILE = YES;
				INFOPLIST_FILE = AppAlote/Info.plist;
				INFOPLIST_KEY_NSCameraUsageDescription = "Scan QR Code";
				INFOPLIST_KEY_UIApplicationSceneManifest_Generation = YES;
				INFOPLIST_KEY_UIApplicationSupportsIndirectInputEvents = YES;
				INFOPLIST_KEY_UILaunchScreen_Generation = YES;
				INFOPLIST_KEY_UISupportedInterfaceOrientations_iPad = "UIInterfaceOrientationPortrait UIInterfaceOrientationPortraitUpsideDown UIInterfaceOrientationLandscapeLeft UIInterfaceOrientationLandscapeRight";
				INFOPLIST_KEY_UISupportedInterfaceOrientations_iPhone = UIInterfaceOrientationPortrait;
				INFOPLIST_KEY_UIUserInterfaceStyle = Light;
				LD_RUNPATH_SEARCH_PATHS = (
					"$(inherited)",
					"@executable_path/Frameworks",
				);
				MARKETING_VERSION = 1.0;
				PRODUCT_BUNDLE_IDENTIFIER = gustavocoutino.AppAlote;
				PRODUCT_NAME = "$(TARGET_NAME)";
				PROVISIONING_PROFILE_SPECIFIER = "";
				SWIFT_EMIT_LOC_STRINGS = YES;
				SWIFT_VERSION = 5.0;
				TARGETED_DEVICE_FAMILY = "1,2";
			};
			name = Release;
		};
/* End XCBuildConfiguration section */

/* Begin XCConfigurationList section */
		F4E25F8B2CBF299900A1BB94 /* Build configuration list for PBXProject "AppAlote" */ = {
			isa = XCConfigurationList;
			buildConfigurations = (
				F4E25F9C2CBF299A00A1BB94 /* Debug */,
				F4E25F9D2CBF299A00A1BB94 /* Release */,
			);
			defaultConfigurationIsVisible = 0;
			defaultConfigurationName = Release;
		};
		F4E25F9E2CBF299A00A1BB94 /* Build configuration list for PBXNativeTarget "AppAlote" */ = {
			isa = XCConfigurationList;
			buildConfigurations = (
				F4E25F9F2CBF299A00A1BB94 /* Debug */,
				F4E25FA02CBF299A00A1BB94 /* Release */,
			);
			defaultConfigurationIsVisible = 0;
			defaultConfigurationName = Release;
		};
/* End XCConfigurationList section */
	};
	rootObject = F4E25F882CBF299900A1BB94 /* Project object */;
}
