// !$*UTF8*$!
{
	archiveVersion = 1;
	classes = {
	};
	objectVersion = 56;
	objects = {

/* Begin PBXBuildFile section */
		B3BE803E2CC963A1001BE5BE /* HomeView.swift in Sources */ = {isa = PBXBuildFile; fileRef = B3BE803D2CC963A1001BE5BE /* HomeView.swift */; };
		B3E9859D2CC9800600F355F4 /* MapView.swift in Sources */ = {isa = PBXBuildFile; fileRef = B3E9859C2CC9800600F355F4 /* MapView.swift */; };
		F4895CE22CC7F4B5008DDAF2 /* LogIn.swift in Sources */ = {isa = PBXBuildFile; fileRef = F4895CE12CC7F4B5008DDAF2 /* LogIn.swift */; };
		F4895CE42CC815D0008DDAF2 /* SignIn.swift in Sources */ = {isa = PBXBuildFile; fileRef = F4895CE32CC815D0008DDAF2 /* SignIn.swift */; };
		F4DF14F32CC19F530058008F /* Map.swift in Sources */ = {isa = PBXBuildFile; fileRef = F4DF14F22CC19F530058008F /* Map.swift */; };
		F4E25F942CBF299900A1BB94 /* AppAloteApp.swift in Sources */ = {isa = PBXBuildFile; fileRef = F4E25F932CBF299900A1BB94 /* AppAloteApp.swift */; };
		F4E25F962CBF299900A1BB94 /* ContentView.swift in Sources */ = {isa = PBXBuildFile; fileRef = F4E25F952CBF299900A1BB94 /* ContentView.swift */; };
		F4E25F982CBF299A00A1BB94 /* Assets.xcassets in Resources */ = {isa = PBXBuildFile; fileRef = F4E25F972CBF299A00A1BB94 /* Assets.xcassets */; };
		F4E25F9B2CBF299A00A1BB94 /* Preview Assets.xcassets in Resources */ = {isa = PBXBuildFile; fileRef = F4E25F9A2CBF299A00A1BB94 /* Preview Assets.xcassets */; };
/* End PBXBuildFile section */

/* Begin PBXFileReference section */
		B3BE803D2CC963A1001BE5BE /* HomeView.swift */ = {isa = PBXFileReference; lastKnownFileType = sourcecode.swift; path = HomeView.swift; sourceTree = "<group>"; };
		B3E9859C2CC9800600F355F4 /* MapView.swift */ = {isa = PBXFileReference; lastKnownFileType = sourcecode.swift; path = MapView.swift; sourceTree = "<group>"; };
		F4895CE12CC7F4B5008DDAF2 /* LogIn.swift */ = {isa = PBXFileReference; lastKnownFileType = sourcecode.swift; path = LogIn.swift; sourceTree = "<group>"; };
		F4895CE32CC815D0008DDAF2 /* SignIn.swift */ = {isa = PBXFileReference; lastKnownFileType = sourcecode.swift; path = SignIn.swift; sourceTree = "<group>"; };
		F4DF14F22CC19F530058008F /* Map.swift */ = {isa = PBXFileReference; lastKnownFileType = sourcecode.swift; path = Map.swift; sourceTree = "<group>"; };
		F4E25F902CBF299900A1BB94 /* AppAlote.app */ = {isa = PBXFileReference; explicitFileType = wrapper.application; includeInIndex = 0; path = AppAlote.app; sourceTree = BUILT_PRODUCTS_DIR; };
		F4E25F932CBF299900A1BB94 /* AppAloteApp.swift */ = {isa = PBXFileReference; lastKnownFileType = sourcecode.swift; path = AppAloteApp.swift; sourceTree = "<group>"; };
		F4E25F952CBF299900A1BB94 /* ContentView.swift */ = {isa = PBXFileReference; lastKnownFileType = sourcecode.swift; path = ContentView.swift; sourceTree = "<group>"; };
		F4E25F972CBF299A00A1BB94 /* Assets.xcassets */ = {isa = PBXFileReference; lastKnownFileType = folder.assetcatalog; path = Assets.xcassets; sourceTree = "<group>"; };
		F4E25F9A2CBF299A00A1BB94 /* Preview Assets.xcassets */ = {isa = PBXFileReference; lastKnownFileType = folder.assetcatalog; path = "Preview Assets.xcassets"; sourceTree = "<group>"; };
/* End PBXFileReference section */

/* Begin PBXFrameworksBuildPhase section */
		F4E25F8D2CBF299900A1BB94 /* Frameworks */ = {
			isa = PBXFrameworksBuildPhase;
			buildActionMask = 2147483647;
			files = (
			);
			runOnlyForDeploymentPostprocessing = 0;
		};
/* End PBXFrameworksBuildPhase section */

/* Begin PBXGroup section */
		F4E25F872CBF299900A1BB94 = {
			isa = PBXGroup;
			children = (
				F4E25F922CBF299900A1BB94 /* AppAlote */,
				F4E25F912CBF299900A1BB94 /* Products */,
			);
			sourceTree = "<group>";
		};
		F4E25F912CBF299900A1BB94 /* Products */ = {
			isa = PBXGroup;
			children = (
				F4E25F902CBF299900A1BB94 /* AppAlote.app */,
			);
			name = Products;
			sourceTree = "<group>";
		};
		F4E25F922CBF299900A1BB94 /* AppAlote */ = {
			isa = PBXGroup;
			children = (
				F4E25F932CBF299900A1BB94 /* AppAloteApp.swift */,
				F4E25F952CBF299900A1BB94 /* ContentView.swift */,
				F4895CE12CC7F4B5008DDAF2 /* LogIn.swift */,
				F4895CE32CC815D0008DDAF2 /* SignIn.swift */,
				F4DF14F22CC19F530058008F /* Map.swift */,
				B3BE803D2CC963A1001BE5BE /* HomeView.swift */,
				B3E9859C2CC9800600F355F4 /* MapView.swift */,
				F4E25F972CBF299A00A1BB94 /* Assets.xcassets */,
				F4E25F992CBF299A00A1BB94 /* Preview Content */,
			);
			path = AppAlote;
			sourceTree = "<group>";
		};
		F4E25F992CBF299A00A1BB94 /* Preview Content */ = {
			isa = PBXGroup;
			children = (
				F4E25F9A2CBF299A00A1BB94 /* Preview Assets.xcassets */,
			);
			path = "Preview Content";
			sourceTree = "<group>";
		};
/* End PBXGroup section */

/* Begin PBXNativeTarget section */
		F4E25F8F2CBF299900A1BB94 /* AppAlote */ = {
			isa = PBXNativeTarget;
			buildConfigurationList = F4E25F9E2CBF299A00A1BB94 /* Build configuration list for PBXNativeTarget "AppAlote" */;
			buildPhases = (
				F4E25F8C2CBF299900A1BB94 /* Sources */,
				F4E25F8D2CBF299900A1BB94 /* Frameworks */,
				F4E25F8E2CBF299900A1BB94 /* Resources */,
			);
			buildRules = (
			);
			dependencies = (
			);
			name = AppAlote;
			productName = AppAlote;
			productReference = F4E25F902CBF299900A1BB94 /* AppAlote.app */;
			productType = "com.apple.product-type.application";
		};
/* End PBXNativeTarget section */

/* Begin PBXProject section */
		F4E25F882CBF299900A1BB94 /* Project object */ = {
			isa = PBXProject;
			attributes = {
				BuildIndependentTargetsInParallel = 1;
				LastSwiftUpdateCheck = 1500;
				LastUpgradeCheck = 1500;
				TargetAttributes = {
					F4E25F8F2CBF299900A1BB94 = {
						CreatedOnToolsVersion = 15.0.1;
					};
				};
			};
			buildConfigurationList = F4E25F8B2CBF299900A1BB94 /* Build configuration list for PBXProject "AppAlote" */;
			compatibilityVersion = "Xcode 14.0";
			developmentRegion = en;
			hasScannedForEncodings = 0;
			knownRegions = (
				en,
				Base,
			);
			mainGroup = F4E25F872CBF299900A1BB94;
			productRefGroup = F4E25F912CBF299900A1BB94 /* Products */;
			projectDirPath = "";
			projectRoot = "";
			targets = (
				F4E25F8F2CBF299900A1BB94 /* AppAlote */,
			);
		};
/* End PBXProject section */

/* Begin PBXResourcesBuildPhase section */
		F4E25F8E2CBF299900A1BB94 /* Resources */ = {
			isa = PBXResourcesBuildPhase;
			buildActionMask = 2147483647;
			files = (
				F4E25F9B2CBF299A00A1BB94 /* Preview Assets.xcassets in Resources */,
				F4E25F982CBF299A00A1BB94 /* Assets.xcassets in Resources */,
			);
			runOnlyForDeploymentPostprocessing = 0;
		};
/* End PBXResourcesBuildPhase section */

/* Begin PBXSourcesBuildPhase section */
		F4E25F8C2CBF299900A1BB94 /* Sources */ = {
			isa = PBXSourcesBuildPhase;
			buildActionMask = 2147483647;
			files = (
				B3E9859D2CC9800600F355F4 /* MapView.swift in Sources */,
				F4E25F962CBF299900A1BB94 /* ContentView.swift in Sources */,
				F4DF14F32CC19F530058008F /* Map.swift in Sources */,
				F4895CE42CC815D0008DDAF2 /* SignIn.swift in Sources */,
				F4E25F942CBF299900A1BB94 /* AppAloteApp.swift in Sources */,
				B3BE803E2CC963A1001BE5BE /* HomeView.swift in Sources */,
				F4895CE22CC7F4B5008DDAF2 /* LogIn.swift in Sources */,
			);
			runOnlyForDeploymentPostprocessing = 0;
		};
/* End PBXSourcesBuildPhase section */

/* Begin XCBuildConfiguration section */
		F4E25F9C2CBF299A00A1BB94 /* Debug */ = {
			isa = XCBuildConfiguration;
			buildSettings = {
				ALWAYS_SEARCH_USER_PATHS = NO;
				ASSETCATALOG_COMPILER_GENERATE_SWIFT_ASSET_SYMBOL_EXTENSIONS = YES;
				CLANG_ANALYZER_NONNULL = YES;
				CLANG_ANALYZER_NUMBER_OBJECT_CONVERSION = YES_AGGRESSIVE;
				CLANG_CXX_LANGUAGE_STANDARD = "gnu++20";
				CLANG_ENABLE_MODULES = YES;
				CLANG_ENABLE_OBJC_ARC = YES;
				CLANG_ENABLE_OBJC_WEAK = YES;
				CLANG_WARN_BLOCK_CAPTURE_AUTORELEASING = YES;
				CLANG_WARN_BOOL_CONVERSION = YES;
				CLANG_WARN_COMMA = YES;
				CLANG_WARN_CONSTANT_CONVERSION = YES;
				CLANG_WARN_DEPRECATED_OBJC_IMPLEMENTATIONS = YES;
				CLANG_WARN_DIRECT_OBJC_ISA_USAGE = YES_ERROR;
				CLANG_WARN_DOCUMENTATION_COMMENTS = YES;
				CLANG_WARN_EMPTY_BODY = YES;
				CLANG_WARN_ENUM_CONVERSION = YES;
				CLANG_WARN_INFINITE_RECURSION = YES;
				CLANG_WARN_INT_CONVERSION = YES;
				CLANG_WARN_NON_LITERAL_NULL_CONVERSION = YES;
				CLANG_WARN_OBJC_IMPLICIT_RETAIN_SELF = YES;
				CLANG_WARN_OBJC_LITERAL_CONVERSION = YES;
				CLANG_WARN_OBJC_ROOT_CLASS = YES_ERROR;
				CLANG_WARN_QUOTED_INCLUDE_IN_FRAMEWORK_HEADER = YES;
				CLANG_WARN_RANGE_LOOP_ANALYSIS = YES;
				CLANG_WARN_STRICT_PROTOTYPES = YES;
				CLANG_WARN_SUSPICIOUS_MOVE = YES;
				CLANG_WARN_UNGUARDED_AVAILABILITY = YES_AGGRESSIVE;
				CLANG_WARN_UNREACHABLE_CODE = YES;
				CLANG_WARN__DUPLICATE_METHOD_MATCH = YES;
				COPY_PHASE_STRIP = NO;
				DEBUG_INFORMATION_FORMAT = dwarf;
				ENABLE_STRICT_OBJC_MSGSEND = YES;
				ENABLE_TESTABILITY = YES;
				ENABLE_USER_SCRIPT_SANDBOXING = YES;
				GCC_C_LANGUAGE_STANDARD = gnu17;
				GCC_DYNAMIC_NO_PIC = NO;
				GCC_NO_COMMON_BLOCKS = YES;
				GCC_OPTIMIZATION_LEVEL = 0;
				GCC_PREPROCESSOR_DEFINITIONS = (
					"DEBUG=1",
					"$(inherited)",
				);
				GCC_WARN_64_TO_32_BIT_CONVERSION = YES;
				GCC_WARN_ABOUT_RETURN_TYPE = YES_ERROR;
				GCC_WARN_UNDECLARED_SELECTOR = YES;
				GCC_WARN_UNINITIALIZED_AUTOS = YES_AGGRESSIVE;
				GCC_WARN_UNUSED_FUNCTION = YES;
				GCC_WARN_UNUSED_VARIABLE = YES;
				IPHONEOS_DEPLOYMENT_TARGET = 17.0;
				LOCALIZATION_PREFERS_STRING_CATALOGS = YES;
				MTL_ENABLE_DEBUG_INFO = INCLUDE_SOURCE;
				MTL_FAST_MATH = YES;
				ONLY_ACTIVE_ARCH = YES;
				SDKROOT = iphoneos;
				SWIFT_ACTIVE_COMPILATION_CONDITIONS = "DEBUG $(inherited)";
				SWIFT_OPTIMIZATION_LEVEL = "-Onone";
			};
			name = Debug;
		};
		F4E25F9D2CBF299A00A1BB94 /* Release */ = {
			isa = XCBuildConfiguration;
			buildSettings = {
				ALWAYS_SEARCH_USER_PATHS = NO;
				ASSETCATALOG_COMPILER_GENERATE_SWIFT_ASSET_SYMBOL_EXTENSIONS = YES;
				CLANG_ANALYZER_NONNULL = YES;
				CLANG_ANALYZER_NUMBER_OBJECT_CONVERSION = YES_AGGRESSIVE;
				CLANG_CXX_LANGUAGE_STANDARD = "gnu++20";
				CLANG_ENABLE_MODULES = YES;
				CLANG_ENABLE_OBJC_ARC = YES;
				CLANG_ENABLE_OBJC_WEAK = YES;
				CLANG_WARN_BLOCK_CAPTURE_AUTORELEASING = YES;
				CLANG_WARN_BOOL_CONVERSION = YES;
				CLANG_WARN_COMMA = YES;
				CLANG_WARN_CONSTANT_CONVERSION = YES;
				CLANG_WARN_DEPRECATED_OBJC_IMPLEMENTATIONS = YES;
				CLANG_WARN_DIRECT_OBJC_ISA_USAGE = YES_ERROR;
				CLANG_WARN_DOCUMENTATION_COMMENTS = YES;
				CLANG_WARN_EMPTY_BODY = YES;
				CLANG_WARN_ENUM_CONVERSION = YES;
				CLANG_WARN_INFINITE_RECURSION = YES;
				CLANG_WARN_INT_CONVERSION = YES;
				CLANG_WARN_NON_LITERAL_NULL_CONVERSION = YES;
				CLANG_WARN_OBJC_IMPLICIT_RETAIN_SELF = YES;
				CLANG_WARN_OBJC_LITERAL_CONVERSION = YES;
				CLANG_WARN_OBJC_ROOT_CLASS = YES_ERROR;
				CLANG_WARN_QUOTED_INCLUDE_IN_FRAMEWORK_HEADER = YES;
				CLANG_WARN_RANGE_LOOP_ANALYSIS = YES;
				CLANG_WARN_STRICT_PROTOTYPES = YES;
				CLANG_WARN_SUSPICIOUS_MOVE = YES;
				CLANG_WARN_UNGUARDED_AVAILABILITY = YES_AGGRESSIVE;
				CLANG_WARN_UNREACHABLE_CODE = YES;
				CLANG_WARN__DUPLICATE_METHOD_MATCH = YES;
				COPY_PHASE_STRIP = NO;
				DEBUG_INFORMATION_FORMAT = "dwarf-with-dsym";
				ENABLE_NS_ASSERTIONS = NO;
				ENABLE_STRICT_OBJC_MSGSEND = YES;
				ENABLE_USER_SCRIPT_SANDBOXING = YES;
				GCC_C_LANGUAGE_STANDARD = gnu17;
				GCC_NO_COMMON_BLOCKS = YES;
				GCC_WARN_64_TO_32_BIT_CONVERSION = YES;
				GCC_WARN_ABOUT_RETURN_TYPE = YES_ERROR;
				GCC_WARN_UNDECLARED_SELECTOR = YES;
				GCC_WARN_UNINITIALIZED_AUTOS = YES_AGGRESSIVE;
				GCC_WARN_UNUSED_FUNCTION = YES;
				GCC_WARN_UNUSED_VARIABLE = YES;
				IPHONEOS_DEPLOYMENT_TARGET = 17.0;
				LOCALIZATION_PREFERS_STRING_CATALOGS = YES;
				MTL_ENABLE_DEBUG_INFO = NO;
				MTL_FAST_MATH = YES;
				SDKROOT = iphoneos;
				SWIFT_COMPILATION_MODE = wholemodule;
				VALIDATE_PRODUCT = YES;
			};
			name = Release;
		};
		F4E25F9F2CBF299A00A1BB94 /* Debug */ = {
			isa = XCBuildConfiguration;
			buildSettings = {
				ASSETCATALOG_COMPILER_APPICON_NAME = AppIcon;
				ASSETCATALOG_COMPILER_GLOBAL_ACCENT_COLOR_NAME = AccentColor;
				CODE_SIGN_STYLE = Automatic;
				CURRENT_PROJECT_VERSION = 1;
				DEVELOPMENT_ASSET_PATHS = "\"AppAlote/Preview Content\"";
				DEVELOPMENT_TEAM = 8GR2T9H267;
				ENABLE_PREVIEWS = YES;
				GENERATE_INFOPLIST_FILE = YES;
				INFOPLIST_KEY_UIApplicationSceneManifest_Generation = YES;
				INFOPLIST_KEY_UIApplicationSupportsIndirectInputEvents = YES;
				INFOPLIST_KEY_UILaunchScreen_Generation = YES;
				INFOPLIST_KEY_UISupportedInterfaceOrientations_iPad = "UIInterfaceOrientationPortrait UIInterfaceOrientationPortraitUpsideDown UIInterfaceOrientationLandscapeLeft UIInterfaceOrientationLandscapeRight";
				INFOPLIST_KEY_UISupportedInterfaceOrientations_iPhone = "UIInterfaceOrientationPortrait UIInterfaceOrientationLandscapeLeft UIInterfaceOrientationLandscapeRight";
				LD_RUNPATH_SEARCH_PATHS = (
					"$(inherited)",
					"@executable_path/Frameworks",
				);
				MARKETING_VERSION = 1.0;
				PRODUCT_BUNDLE_IDENTIFIER = gustavocoutino.AppAlote;
				PRODUCT_NAME = "$(TARGET_NAME)";
				SWIFT_EMIT_LOC_STRINGS = YES;
				SWIFT_VERSION = 5.0;
				TARGETED_DEVICE_FAMILY = "1,2";
			};
			name = Debug;
		};
		F4E25FA02CBF299A00A1BB94 /* Release */ = {
			isa = XCBuildConfiguration;
			buildSettings = {
				ASSETCATALOG_COMPILER_APPICON_NAME = AppIcon;
				ASSETCATALOG_COMPILER_GLOBAL_ACCENT_COLOR_NAME = AccentColor;
				CODE_SIGN_STYLE = Automatic;
				CURRENT_PROJECT_VERSION = 1;
				DEVELOPMENT_ASSET_PATHS = "\"AppAlote/Preview Content\"";
				DEVELOPMENT_TEAM = 8GR2T9H267;
				ENABLE_PREVIEWS = YES;
				GENERATE_INFOPLIST_FILE = YES;
				INFOPLIST_KEY_UIApplicationSceneManifest_Generation = YES;
				INFOPLIST_KEY_UIApplicationSupportsIndirectInputEvents = YES;
				INFOPLIST_KEY_UILaunchScreen_Generation = YES;
				INFOPLIST_KEY_UISupportedInterfaceOrientations_iPad = "UIInterfaceOrientationPortrait UIInterfaceOrientationPortraitUpsideDown UIInterfaceOrientationLandscapeLeft UIInterfaceOrientationLandscapeRight";
				INFOPLIST_KEY_UISupportedInterfaceOrientations_iPhone = "UIInterfaceOrientationPortrait UIInterfaceOrientationLandscapeLeft UIInterfaceOrientationLandscapeRight";
				LD_RUNPATH_SEARCH_PATHS = (
					"$(inherited)",
					"@executable_path/Frameworks",
				);
				MARKETING_VERSION = 1.0;
				PRODUCT_BUNDLE_IDENTIFIER = gustavocoutino.AppAlote;
				PRODUCT_NAME = "$(TARGET_NAME)";
				SWIFT_EMIT_LOC_STRINGS = YES;
				SWIFT_VERSION = 5.0;
				TARGETED_DEVICE_FAMILY = "1,2";
			};
			name = Release;
		};
/* End XCBuildConfiguration section */

/* Begin XCConfigurationList section */
		F4E25F8B2CBF299900A1BB94 /* Build configuration list for PBXProject "AppAlote" */ = {
			isa = XCConfigurationList;
			buildConfigurations = (
				F4E25F9C2CBF299A00A1BB94 /* Debug */,
				F4E25F9D2CBF299A00A1BB94 /* Release */,
			);
			defaultConfigurationIsVisible = 0;
			defaultConfigurationName = Release;
		};
		F4E25F9E2CBF299A00A1BB94 /* Build configuration list for PBXNativeTarget "AppAlote" */ = {
			isa = XCConfigurationList;
			buildConfigurations = (
				F4E25F9F2CBF299A00A1BB94 /* Debug */,
				F4E25FA02CBF299A00A1BB94 /* Release */,
			);
			defaultConfigurationIsVisible = 0;
			defaultConfigurationName = Release;
		};
/* End XCConfigurationList section */
	};
	rootObject = F4E25F882CBF299900A1BB94 /* Project object */;
}
